// !$*UTF8*$!
{
	archiveVersion = 1;
	classes = {
	};
	objectVersion = 48;
	objects = {

/* Begin PBXBuildFile section */
		150C26951FBA9F480038EB62 /* FlickrConstants.swift in Sources */ = {isa = PBXBuildFile; fileRef = 150C26941FBA9F480038EB62 /* FlickrConstants.swift */; };
		150C26981FBA9F870038EB62 /* FlickrClient.swift in Sources */ = {isa = PBXBuildFile; fileRef = 150C26971FBA9F870038EB62 /* FlickrClient.swift */; };
		150C269A1FBA9F9A0038EB62 /* FlickrConvenience.swift in Sources */ = {isa = PBXBuildFile; fileRef = 150C26991FBA9F9A0038EB62 /* FlickrConvenience.swift */; };
		152395E41FB79EDD00B22376 /* Model1.xcdatamodeld in Sources */ = {isa = PBXBuildFile; fileRef = 152395E21FB79EDD00B22376 /* Model1.xcdatamodeld */; };
		152395EC1FB7A39100B22376 /* Pin+CoreDataClass.swift in Sources */ = {isa = PBXBuildFile; fileRef = 152395E81FB7A39100B22376 /* Pin+CoreDataClass.swift */; };
		152395ED1FB7A39100B22376 /* Pin+CoreDataProperties.swift in Sources */ = {isa = PBXBuildFile; fileRef = 152395E91FB7A39100B22376 /* Pin+CoreDataProperties.swift */; };
		152395EE1FB7A39100B22376 /* Photo+CoreDataClass.swift in Sources */ = {isa = PBXBuildFile; fileRef = 152395EA1FB7A39100B22376 /* Photo+CoreDataClass.swift */; };
		152395EF1FB7A39100B22376 /* Photo+CoreDataProperties.swift in Sources */ = {isa = PBXBuildFile; fileRef = 152395EB1FB7A39100B22376 /* Photo+CoreDataProperties.swift */; };
		152395F11FB7A66100B22376 /* CoreDataStack.swift in Sources */ = {isa = PBXBuildFile; fileRef = 152395F01FB7A66100B22376 /* CoreDataStack.swift */; };
		155EB9341FBC0DC700ED8EFA /* PhotoAlbumVC.swift in Sources */ = {isa = PBXBuildFile; fileRef = 155EB9331FBC0DC700ED8EFA /* PhotoAlbumVC.swift */; };
		155EB9381FBC1C0C00ED8EFA /* PhotoCollectionViewCell.swift in Sources */ = {isa = PBXBuildFile; fileRef = 155EB9371FBC1C0C00ED8EFA /* PhotoCollectionViewCell.swift */; };
		15A8BD12201837F500E4E379 /* HelperFunctions.swift in Sources */ = {isa = PBXBuildFile; fileRef = 15A8BD11201837F500E4E379 /* HelperFunctions.swift */; };
		15AB23511FB695F000F1BEDA /* AppDelegate.swift in Sources */ = {isa = PBXBuildFile; fileRef = 15AB23501FB695F000F1BEDA /* AppDelegate.swift */; };
		15AB23531FB695F000F1BEDA /* LocationsMapVC.swift in Sources */ = {isa = PBXBuildFile; fileRef = 15AB23521FB695F000F1BEDA /* LocationsMapVC.swift */; };
		15AB23561FB695F000F1BEDA /* Main.storyboard in Resources */ = {isa = PBXBuildFile; fileRef = 15AB23541FB695F000F1BEDA /* Main.storyboard */; };
		15AB23581FB695F000F1BEDA /* Assets.xcassets in Resources */ = {isa = PBXBuildFile; fileRef = 15AB23571FB695F000F1BEDA /* Assets.xcassets */; };
		15BD6D161FDE43B700CE834B /* GCDBlackBox.swift in Sources */ = {isa = PBXBuildFile; fileRef = 15BD6D151FDE43B700CE834B /* GCDBlackBox.swift */; };
/* End PBXBuildFile section */

/* Begin PBXFileReference section */
		150C26941FBA9F480038EB62 /* FlickrConstants.swift */ = {isa = PBXFileReference; lastKnownFileType = sourcecode.swift; path = FlickrConstants.swift; sourceTree = "<group>"; };
		150C26971FBA9F870038EB62 /* FlickrClient.swift */ = {isa = PBXFileReference; lastKnownFileType = sourcecode.swift; path = FlickrClient.swift; sourceTree = "<group>"; };
		150C26991FBA9F9A0038EB62 /* FlickrConvenience.swift */ = {isa = PBXFileReference; lastKnownFileType = sourcecode.swift; path = FlickrConvenience.swift; sourceTree = "<group>"; };
		152395E31FB79EDD00B22376 /* Model1.xcdatamodel */ = {isa = PBXFileReference; lastKnownFileType = wrapper.xcdatamodel; path = Model1.xcdatamodel; sourceTree = "<group>"; };
		152395E81FB7A39100B22376 /* Pin+CoreDataClass.swift */ = {isa = PBXFileReference; lastKnownFileType = sourcecode.swift; path = "Pin+CoreDataClass.swift"; sourceTree = "<group>"; };
		152395E91FB7A39100B22376 /* Pin+CoreDataProperties.swift */ = {isa = PBXFileReference; lastKnownFileType = sourcecode.swift; path = "Pin+CoreDataProperties.swift"; sourceTree = "<group>"; };
		152395EA1FB7A39100B22376 /* Photo+CoreDataClass.swift */ = {isa = PBXFileReference; lastKnownFileType = sourcecode.swift; path = "Photo+CoreDataClass.swift"; sourceTree = "<group>"; };
		152395EB1FB7A39100B22376 /* Photo+CoreDataProperties.swift */ = {isa = PBXFileReference; lastKnownFileType = sourcecode.swift; path = "Photo+CoreDataProperties.swift"; sourceTree = "<group>"; };
		152395F01FB7A66100B22376 /* CoreDataStack.swift */ = {isa = PBXFileReference; lastKnownFileType = sourcecode.swift; path = CoreDataStack.swift; sourceTree = "<group>"; };
		155EB9331FBC0DC700ED8EFA /* PhotoAlbumVC.swift */ = {isa = PBXFileReference; lastKnownFileType = sourcecode.swift; path = PhotoAlbumVC.swift; sourceTree = "<group>"; };
		155EB9371FBC1C0C00ED8EFA /* PhotoCollectionViewCell.swift */ = {isa = PBXFileReference; lastKnownFileType = sourcecode.swift; path = PhotoCollectionViewCell.swift; sourceTree = "<group>"; };
		15A8BD11201837F500E4E379 /* HelperFunctions.swift */ = {isa = PBXFileReference; lastKnownFileType = sourcecode.swift; path = HelperFunctions.swift; sourceTree = "<group>"; };
		15AB234D1FB695F000F1BEDA /* VirtualTouristProject.app */ = {isa = PBXFileReference; explicitFileType = wrapper.application; includeInIndex = 0; path = VirtualTouristProject.app; sourceTree = BUILT_PRODUCTS_DIR; };
		15AB23501FB695F000F1BEDA /* AppDelegate.swift */ = {isa = PBXFileReference; lastKnownFileType = sourcecode.swift; path = AppDelegate.swift; sourceTree = "<group>"; };
		15AB23521FB695F000F1BEDA /* LocationsMapVC.swift */ = {isa = PBXFileReference; lastKnownFileType = sourcecode.swift; path = LocationsMapVC.swift; sourceTree = "<group>"; };
		15AB23551FB695F000F1BEDA /* Base */ = {isa = PBXFileReference; lastKnownFileType = file.storyboard; name = Base; path = Base.lproj/Main.storyboard; sourceTree = "<group>"; };
		15AB23571FB695F000F1BEDA /* Assets.xcassets */ = {isa = PBXFileReference; lastKnownFileType = folder.assetcatalog; path = Assets.xcassets; sourceTree = "<group>"; };
		15AB235C1FB695F000F1BEDA /* Info.plist */ = {isa = PBXFileReference; lastKnownFileType = text.plist.xml; path = Info.plist; sourceTree = "<group>"; };
		15BD6D151FDE43B700CE834B /* GCDBlackBox.swift */ = {isa = PBXFileReference; lastKnownFileType = sourcecode.swift; path = GCDBlackBox.swift; sourceTree = "<group>"; };
/* End PBXFileReference section */

/* Begin PBXFrameworksBuildPhase section */
		15AB234A1FB695F000F1BEDA /* Frameworks */ = {
			isa = PBXFrameworksBuildPhase;
			buildActionMask = 2147483647;
			files = (
			);
			runOnlyForDeploymentPostprocessing = 0;
		};
/* End PBXFrameworksBuildPhase section */

/* Begin PBXGroup section */
		150C26961FBA9F760038EB62 /* Flickr */ = {
			isa = PBXGroup;
			children = (
				150C26941FBA9F480038EB62 /* FlickrConstants.swift */,
				150C26971FBA9F870038EB62 /* FlickrClient.swift */,
				150C26991FBA9F9A0038EB62 /* FlickrConvenience.swift */,
			);
			path = Flickr;
			sourceTree = "<group>";
		};
		152395E51FB7A2F200B22376 /* Model */ = {
			isa = PBXGroup;
			children = (
				152395F41FB7B44000B22376 /* Client */,
				152395F21FB7B41E00B22376 /* CoreDataModel */,
			);
			path = Model;
			sourceTree = "<group>";
		};
		152395E61FB7A2FC00B22376 /* View */ = {
			isa = PBXGroup;
			children = (
			);
			path = View;
			sourceTree = "<group>";
		};
		152395E71FB7A30B00B22376 /* Controller */ = {
			isa = PBXGroup;
			children = (
				15AB23521FB695F000F1BEDA /* LocationsMapVC.swift */,
				155EB9331FBC0DC700ED8EFA /* PhotoAlbumVC.swift */,
				155EB9371FBC1C0C00ED8EFA /* PhotoCollectionViewCell.swift */,
				15A8BD11201837F500E4E379 /* HelperFunctions.swift */,
			);
			path = Controller;
			sourceTree = "<group>";
		};
		152395F21FB7B41E00B22376 /* CoreDataModel */ = {
			isa = PBXGroup;
			children = (
				152395E81FB7A39100B22376 /* Pin+CoreDataClass.swift */,
				152395E91FB7A39100B22376 /* Pin+CoreDataProperties.swift */,
				152395EA1FB7A39100B22376 /* Photo+CoreDataClass.swift */,
				152395EB1FB7A39100B22376 /* Photo+CoreDataProperties.swift */,
				152395E21FB79EDD00B22376 /* Model1.xcdatamodeld */,
				152395F01FB7A66100B22376 /* CoreDataStack.swift */,
			);
			path = CoreDataModel;
			sourceTree = "<group>";
		};
		152395F41FB7B44000B22376 /* Client */ = {
			isa = PBXGroup;
			children = (
				150C26961FBA9F760038EB62 /* Flickr */,
			);
			path = Client;
			sourceTree = "<group>";
		};
		15AB23441FB695F000F1BEDA = {
			isa = PBXGroup;
			children = (
				15AB234F1FB695F000F1BEDA /* VirtualTouristProject */,
				15AB234E1FB695F000F1BEDA /* Products */,
			);
			sourceTree = "<group>";
		};
		15AB234E1FB695F000F1BEDA /* Products */ = {
			isa = PBXGroup;
			children = (
				15AB234D1FB695F000F1BEDA /* VirtualTouristProject.app */,
			);
			name = Products;
			sourceTree = "<group>";
		};
		15AB234F1FB695F000F1BEDA /* VirtualTouristProject */ = {
			isa = PBXGroup;
			children = (
				15AB23501FB695F000F1BEDA /* AppDelegate.swift */,
				15BD6D151FDE43B700CE834B /* GCDBlackBox.swift */,
				152395E51FB7A2F200B22376 /* Model */,
				152395E71FB7A30B00B22376 /* Controller */,
				152395E61FB7A2FC00B22376 /* View */,
				15AB23541FB695F000F1BEDA /* Main.storyboard */,
				15AB23571FB695F000F1BEDA /* Assets.xcassets */,
				15AB235C1FB695F000F1BEDA /* Info.plist */,
			);
			path = VirtualTouristProject;
			sourceTree = "<group>";
		};
/* End PBXGroup section */

/* Begin PBXNativeTarget section */
		15AB234C1FB695F000F1BEDA /* VirtualTouristProject */ = {
			isa = PBXNativeTarget;
			buildConfigurationList = 15AB235F1FB695F000F1BEDA /* Build configuration list for PBXNativeTarget "VirtualTouristProject" */;
			buildPhases = (
				15AB23491FB695F000F1BEDA /* Sources */,
				15AB234A1FB695F000F1BEDA /* Frameworks */,
				15AB234B1FB695F000F1BEDA /* Resources */,
			);
			buildRules = (
			);
			dependencies = (
			);
			name = VirtualTouristProject;
			productName = VirtualTouristProject;
			productReference = 15AB234D1FB695F000F1BEDA /* VirtualTouristProject.app */;
			productType = "com.apple.product-type.application";
		};
/* End PBXNativeTarget section */

/* Begin PBXProject section */
		15AB23451FB695F000F1BEDA /* Project object */ = {
			isa = PBXProject;
			attributes = {
				LastSwiftUpdateCheck = 0910;
				LastUpgradeCheck = 0910;
				ORGANIZATIONNAME = "Andrew Delaney";
				TargetAttributes = {
					15AB234C1FB695F000F1BEDA = {
						CreatedOnToolsVersion = 9.1;
						ProvisioningStyle = Automatic;
					};
				};
			};
			buildConfigurationList = 15AB23481FB695F000F1BEDA /* Build configuration list for PBXProject "VirtualTouristProject" */;
			compatibilityVersion = "Xcode 8.0";
			developmentRegion = en;
			hasScannedForEncodings = 0;
			knownRegions = (
				en,
				Base,
			);
			mainGroup = 15AB23441FB695F000F1BEDA;
			productRefGroup = 15AB234E1FB695F000F1BEDA /* Products */;
			projectDirPath = "";
			projectRoot = "";
			targets = (
				15AB234C1FB695F000F1BEDA /* VirtualTouristProject */,
			);
		};
/* End PBXProject section */

/* Begin PBXResourcesBuildPhase section */
		15AB234B1FB695F000F1BEDA /* Resources */ = {
			isa = PBXResourcesBuildPhase;
			buildActionMask = 2147483647;
			files = (
				15AB23581FB695F000F1BEDA /* Assets.xcassets in Resources */,
				15AB23561FB695F000F1BEDA /* Main.storyboard in Resources */,
			);
			runOnlyForDeploymentPostprocessing = 0;
		};
/* End PBXResourcesBuildPhase section */

/* Begin PBXSourcesBuildPhase section */
		15AB23491FB695F000F1BEDA /* Sources */ = {
			isa = PBXSourcesBuildPhase;
			buildActionMask = 2147483647;
			files = (
				15BD6D161FDE43B700CE834B /* GCDBlackBox.swift in Sources */,
				152395EF1FB7A39100B22376 /* Photo+CoreDataProperties.swift in Sources */,
				150C269A1FBA9F9A0038EB62 /* FlickrConvenience.swift in Sources */,
				155EB9341FBC0DC700ED8EFA /* PhotoAlbumVC.swift in Sources */,
				152395EE1FB7A39100B22376 /* Photo+CoreDataClass.swift in Sources */,
				15A8BD12201837F500E4E379 /* HelperFunctions.swift in Sources */,
				15AB23531FB695F000F1BEDA /* LocationsMapVC.swift in Sources */,
				152395EC1FB7A39100B22376 /* Pin+CoreDataClass.swift in Sources */,
				15AB23511FB695F000F1BEDA /* AppDelegate.swift in Sources */,
				150C26951FBA9F480038EB62 /* FlickrConstants.swift in Sources */,
				152395ED1FB7A39100B22376 /* Pin+CoreDataProperties.swift in Sources */,
				150C26981FBA9F870038EB62 /* FlickrClient.swift in Sources */,
				155EB9381FBC1C0C00ED8EFA /* PhotoCollectionViewCell.swift in Sources */,
				152395E41FB79EDD00B22376 /* Model1.xcdatamodeld in Sources */,
				152395F11FB7A66100B22376 /* CoreDataStack.swift in Sources */,
			);
			runOnlyForDeploymentPostprocessing = 0;
		};
/* End PBXSourcesBuildPhase section */

/* Begin PBXVariantGroup section */
		15AB23541FB695F000F1BEDA /* Main.storyboard */ = {
			isa = PBXVariantGroup;
			children = (
				15AB23551FB695F000F1BEDA /* Base */,
			);
			name = Main.storyboard;
			sourceTree = "<group>";
		};
/* End PBXVariantGroup section */

/* Begin XCBuildConfiguration section */
		15AB235D1FB695F000F1BEDA /* Debug */ = {
			isa = XCBuildConfiguration;
			buildSettings = {
				ALWAYS_SEARCH_USER_PATHS = NO;
				CLANG_ANALYZER_NONNULL = YES;
				CLANG_ANALYZER_NUMBER_OBJECT_CONVERSION = YES_AGGRESSIVE;
				CLANG_CXX_LANGUAGE_STANDARD = "gnu++14";
				CLANG_CXX_LIBRARY = "libc++";
				CLANG_ENABLE_MODULES = YES;
				CLANG_ENABLE_OBJC_ARC = YES;
				CLANG_WARN_BLOCK_CAPTURE_AUTORELEASING = YES;
				CLANG_WARN_BOOL_CONVERSION = YES;
				CLANG_WARN_COMMA = YES;
				CLANG_WARN_CONSTANT_CONVERSION = YES;
				CLANG_WARN_DIRECT_OBJC_ISA_USAGE = YES_ERROR;
				CLANG_WARN_DOCUMENTATION_COMMENTS = YES;
				CLANG_WARN_EMPTY_BODY = YES;
				CLANG_WARN_ENUM_CONVERSION = YES;
				CLANG_WARN_INFINITE_RECURSION = YES;
				CLANG_WARN_INT_CONVERSION = YES;
				CLANG_WARN_NON_LITERAL_NULL_CONVERSION = YES;
				CLANG_WARN_OBJC_LITERAL_CONVERSION = YES;
				CLANG_WARN_OBJC_ROOT_CLASS = YES_ERROR;
				CLANG_WARN_RANGE_LOOP_ANALYSIS = YES;
				CLANG_WARN_STRICT_PROTOTYPES = YES;
				CLANG_WARN_SUSPICIOUS_MOVE = YES;
				CLANG_WARN_UNGUARDED_AVAILABILITY = YES_AGGRESSIVE;
				CLANG_WARN_UNREACHABLE_CODE = YES;
				CLANG_WARN__DUPLICATE_METHOD_MATCH = YES;
				CODE_SIGN_IDENTITY = "iPhone Developer";
				COPY_PHASE_STRIP = NO;
				DEBUG_INFORMATION_FORMAT = dwarf;
				ENABLE_STRICT_OBJC_MSGSEND = YES;
				ENABLE_TESTABILITY = YES;
				GCC_C_LANGUAGE_STANDARD = gnu11;
				GCC_DYNAMIC_NO_PIC = NO;
				GCC_NO_COMMON_BLOCKS = YES;
				GCC_OPTIMIZATION_LEVEL = 0;
				GCC_PREPROCESSOR_DEFINITIONS = (
					"DEBUG=1",
					"$(inherited)",
				);
				GCC_WARN_64_TO_32_BIT_CONVERSION = YES;
				GCC_WARN_ABOUT_RETURN_TYPE = YES_ERROR;
				GCC_WARN_UNDECLARED_SELECTOR = YES;
				GCC_WARN_UNINITIALIZED_AUTOS = YES_AGGRESSIVE;
				GCC_WARN_UNUSED_FUNCTION = YES;
				GCC_WARN_UNUSED_VARIABLE = YES;
				IPHONEOS_DEPLOYMENT_TARGET = 11.1;
				MTL_ENABLE_DEBUG_INFO = YES;
				ONLY_ACTIVE_ARCH = YES;
				SDKROOT = iphoneos;
				SWIFT_ACTIVE_COMPILATION_CONDITIONS = DEBUG;
				SWIFT_OPTIMIZATION_LEVEL = "-Onone";
			};
			name = Debug;
		};
		15AB235E1FB695F000F1BEDA /* Release */ = {
			isa = XCBuildConfiguration;
			buildSettings = {
				ALWAYS_SEARCH_USER_PATHS = NO;
				CLANG_ANALYZER_NONNULL = YES;
				CLANG_ANALYZER_NUMBER_OBJECT_CONVERSION = YES_AGGRESSIVE;
				CLANG_CXX_LANGUAGE_STANDARD = "gnu++14";
				CLANG_CXX_LIBRARY = "libc++";
				CLANG_ENABLE_MODULES = YES;
				CLANG_ENABLE_OBJC_ARC = YES;
				CLANG_WARN_BLOCK_CAPTURE_AUTORELEASING = YES;
				CLANG_WARN_BOOL_CONVERSION = YES;
				CLANG_WARN_COMMA = YES;
				CLANG_WARN_CONSTANT_CONVERSION = YES;
				CLANG_WARN_DIRECT_OBJC_ISA_USAGE = YES_ERROR;
				CLANG_WARN_DOCUMENTATION_COMMENTS = YES;
				CLANG_WARN_EMPTY_BODY = YES;
				CLANG_WARN_ENUM_CONVERSION = YES;
				CLANG_WARN_INFINITE_RECURSION = YES;
				CLANG_WARN_INT_CONVERSION = YES;
				CLANG_WARN_NON_LITERAL_NULL_CONVERSION = YES;
				CLANG_WARN_OBJC_LITERAL_CONVERSION = YES;
				CLANG_WARN_OBJC_ROOT_CLASS = YES_ERROR;
				CLANG_WARN_RANGE_LOOP_ANALYSIS = YES;
				CLANG_WARN_STRICT_PROTOTYPES = YES;
				CLANG_WARN_SUSPICIOUS_MOVE = YES;
				CLANG_WARN_UNGUARDED_AVAILABILITY = YES_AGGRESSIVE;
				CLANG_WARN_UNREACHABLE_CODE = YES;
				CLANG_WARN__DUPLICATE_METHOD_MATCH = YES;
				CODE_SIGN_IDENTITY = "iPhone Developer";
				COPY_PHASE_STRIP = NO;
				DEBUG_INFORMATION_FORMAT = "dwarf-with-dsym";
				ENABLE_NS_ASSERTIONS = NO;
				ENABLE_STRICT_OBJC_MSGSEND = YES;
				GCC_C_LANGUAGE_STANDARD = gnu11;
				GCC_NO_COMMON_BLOCKS = YES;
				GCC_WARN_64_TO_32_BIT_CONVERSION = YES;
				GCC_WARN_ABOUT_RETURN_TYPE = YES_ERROR;
				GCC_WARN_UNDECLARED_SELECTOR = YES;
				GCC_WARN_UNINITIALIZED_AUTOS = YES_AGGRESSIVE;
				GCC_WARN_UNUSED_FUNCTION = YES;
				GCC_WARN_UNUSED_VARIABLE = YES;
				IPHONEOS_DEPLOYMENT_TARGET = 11.1;
				MTL_ENABLE_DEBUG_INFO = NO;
				SDKROOT = iphoneos;
				SWIFT_OPTIMIZATION_LEVEL = "-Owholemodule";
				VALIDATE_PRODUCT = YES;
			};
			name = Release;
		};
		15AB23601FB695F000F1BEDA /* Debug */ = {
			isa = XCBuildConfiguration;
			buildSettings = {
				ASSETCATALOG_COMPILER_APPICON_NAME = AppIcon;
				CODE_SIGN_STYLE = Automatic;
				DEVELOPMENT_TEAM = ZH8M2Y4HFV;
				INFOPLIST_FILE = VirtualTouristProject/Info.plist;
				LD_RUNPATH_SEARCH_PATHS = "$(inherited) @executable_path/Frameworks";
				PRODUCT_BUNDLE_IDENTIFIER = com.andrew.VirtualTouristProject;
				PRODUCT_NAME = "$(TARGET_NAME)";
				SWIFT_VERSION = 4.0;
				TARGETED_DEVICE_FAMILY = "1,2";
			};
			name = Debug;
		};
		15AB23611FB695F000F1BEDA /* Release */ = {
			isa = XCBuildConfiguration;
			buildSettings = {
				ASSETCATALOG_COMPILER_APPICON_NAME = AppIcon;
				CODE_SIGN_STYLE = Automatic;
				DEVELOPMENT_TEAM = ZH8M2Y4HFV;
				INFOPLIST_FILE = VirtualTouristProject/Info.plist;
				LD_RUNPATH_SEARCH_PATHS = "$(inherited) @executable_path/Frameworks";
				PRODUCT_BUNDLE_IDENTIFIER = com.andrew.VirtualTouristProject;
				PRODUCT_NAME = "$(TARGET_NAME)";
				SWIFT_VERSION = 4.0;
				TARGETED_DEVICE_FAMILY = "1,2";
			};
			name = Release;
		};
/* End XCBuildConfiguration section */

/* Begin XCConfigurationList section */
		15AB23481FB695F000F1BEDA /* Build configuration list for PBXProject "VirtualTouristProject" */ = {
			isa = XCConfigurationList;
			buildConfigurations = (
				15AB235D1FB695F000F1BEDA /* Debug */,
				15AB235E1FB695F000F1BEDA /* Release */,
			);
			defaultConfigurationIsVisible = 0;
			defaultConfigurationName = Release;
		};
		15AB235F1FB695F000F1BEDA /* Build configuration list for PBXNativeTarget "VirtualTouristProject" */ = {
			isa = XCConfigurationList;
			buildConfigurations = (
				15AB23601FB695F000F1BEDA /* Debug */,
				15AB23611FB695F000F1BEDA /* Release */,
			);
			defaultConfigurationIsVisible = 0;
			defaultConfigurationName = Release;
		};
/* End XCConfigurationList section */

/* Begin XCVersionGroup section */
		152395E21FB79EDD00B22376 /* Model1.xcdatamodeld */ = {
			isa = XCVersionGroup;
			children = (
				152395E31FB79EDD00B22376 /* Model1.xcdatamodel */,
			);
			currentVersion = 152395E31FB79EDD00B22376 /* Model1.xcdatamodel */;
			path = Model1.xcdatamodeld;
			sourceTree = "<group>";
			versionGroupType = wrapper.xcdatamodel;
		};
/* End XCVersionGroup section */
	};
	rootObject = 15AB23451FB695F000F1BEDA /* Project object */;
}
